
Microsoft Visual Studio Solution File, Format Version 12.00
# Visual Studio Version 17
VisualStudioVersion = 17.3.32825.248
MinimumVisualStudioVersion = 10.0.40219.1
Project("{9A19103F-16F7-4668-BE54-9A1E7A4F7556}") = "BlazorExample", "BlazorExample\BlazorExample.csproj", "{B4053037-BB9B-43A4-A042-290742AFA1FA}"
EndProject
Global
	GlobalSection(SolutionConfigurationPlatforms) = preSolution
		Debug|Any CPU = Debug|Any CPU
		Release|Any CPU = Release|Any CPU
	EndGlobalSection
	GlobalSection(ProjectConfigurationPlatforms) = postSolution
		{B4053037-BB9B-43A4-A042-290742AFA1FA}.Debug|Any CPU.ActiveCfg = Debug|Any CPU
		{B4053037-BB9B-43A4-A042-290742AFA1FA}.Debug|Any CPU.Build.0 = Debug|Any CPU
		{B4053037-BB9B-43A4-A042-290742AFA1FA}.Release|Any CPU.ActiveCfg = Release|Any CPU
		{B4053037-BB9B-43A4-A042-290742AFA1FA}.Release|Any CPU.Build.0 = Release|Any CPU
	EndGlobalSection
	GlobalSection(SolutionProperties) = preSolution
		HideSolutionNode = FALSE
	EndGlobalSection
	GlobalSection(ExtensibilityGlobals) = postSolution
		SolutionGuid = {58846F14-9156-429E-9B5B-5A80A9A132BC}
	EndGlobalSection
EndGlobal
